
Microsoft Visual Studio Solution File, Format Version 12.00
# Visual Studio Version 17
VisualStudioVersion = 17.14.36310.24 d17.14
MinimumVisualStudioVersion = 10.0.40219.1
Project("{FAE04EC0-301F-11D3-BF4B-00C04F79EFBC}") = "TesteMeli.Api", "src\TesteMeli.Api\TesteMeli.Api.csproj", "{0C56C505-FD8B-4443-8054-C12D0BB51079}"
EndProject
Project("{FAE04EC0-301F-11D3-BF4B-00C04F79EFBC}") = "TesteMeli.Business", "src\TesteMeli.Business\TesteMeli.Business.csproj", "{8EEFD075-DA81-494A-9919-A0C4C6203EA8}"
EndProject
Project("{FAE04EC0-301F-11D3-BF4B-00C04F79EFBC}") = "TesteMeli.Data", "src\TesteMeli.Data\TesteMeli.Data.csproj", "{84C7D219-9121-4C98-B786-B53EC8B61581}"
EndProject
Project("{FAE04EC0-301F-11D3-BF4B-00C04F79EFBC}") = "TesteMeli.Tests", "src\TesteMeli.Tests\TesteMeli.Tests.csproj", "{03053DF4-678E-4D5C-89D1-5E3DE1F36D75}"
EndProject
Global
	GlobalSection(SolutionConfigurationPlatforms) = preSolution
		Debug|Any CPU = Debug|Any CPU
		Release|Any CPU = Release|Any CPU
	EndGlobalSection
	GlobalSection(ProjectConfigurationPlatforms) = postSolution
		{0C56C505-FD8B-4443-8054-C12D0BB51079}.Debug|Any CPU.ActiveCfg = Debug|Any CPU
		{0C56C505-FD8B-4443-8054-C12D0BB51079}.Debug|Any CPU.Build.0 = Debug|Any CPU
		{0C56C505-FD8B-4443-8054-C12D0BB51079}.Release|Any CPU.ActiveCfg = Release|Any CPU
		{0C56C505-FD8B-4443-8054-C12D0BB51079}.Release|Any CPU.Build.0 = Release|Any CPU
		{8EEFD075-DA81-494A-9919-A0C4C6203EA8}.Debug|Any CPU.ActiveCfg = Debug|Any CPU
		{8EEFD075-DA81-494A-9919-A0C4C6203EA8}.Debug|Any CPU.Build.0 = Debug|Any CPU
		{8EEFD075-DA81-494A-9919-A0C4C6203EA8}.Release|Any CPU.ActiveCfg = Release|Any CPU
		{8EEFD075-DA81-494A-9919-A0C4C6203EA8}.Release|Any CPU.Build.0 = Release|Any CPU
		{84C7D219-9121-4C98-B786-B53EC8B61581}.Debug|Any CPU.ActiveCfg = Debug|Any CPU
		{84C7D219-9121-4C98-B786-B53EC8B61581}.Debug|Any CPU.Build.0 = Debug|Any CPU
		{84C7D219-9121-4C98-B786-B53EC8B61581}.Release|Any CPU.ActiveCfg = Release|Any CPU
		{84C7D219-9121-4C98-B786-B53EC8B61581}.Release|Any CPU.Build.0 = Release|Any CPU
		{03053DF4-678E-4D5C-89D1-5E3DE1F36D75}.Debug|Any CPU.ActiveCfg = Debug|Any CPU
		{03053DF4-678E-4D5C-89D1-5E3DE1F36D75}.Debug|Any CPU.Build.0 = Debug|Any CPU
		{03053DF4-678E-4D5C-89D1-5E3DE1F36D75}.Release|Any CPU.ActiveCfg = Release|Any CPU
		{03053DF4-678E-4D5C-89D1-5E3DE1F36D75}.Release|Any CPU.Build.0 = Release|Any CPU
	EndGlobalSection
	GlobalSection(SolutionProperties) = preSolution
		HideSolutionNode = FALSE
	EndGlobalSection
	GlobalSection(ExtensibilityGlobals) = postSolution
		SolutionGuid = {A6ED68EA-E7B6-48BF-AD8B-9B72B3845C2F}
	EndGlobalSection
EndGlobal
